
Microsoft Visual Studio Solution File, Format Version 12.00
# Visual Studio Version 16
VisualStudioVersion = 16.0.29905.134
MinimumVisualStudioVersion = 10.0.40219.1
Project("{FAE04EC0-301F-11D3-BF4B-00C04F79EFBC}") = "webapp", "webapp.csproj", "{03AB7F7D-1123-4CB2-8084-A2B3735CF1A6}"
EndProject
Global
	GlobalSection(SolutionConfigurationPlatforms) = preSolution
		Debug|Any CPU = Debug|Any CPU
		Release|Any CPU = Release|Any CPU
	EndGlobalSection
	GlobalSection(ProjectConfigurationPlatforms) = postSolution
		{03AB7F7D-1123-4CB2-8084-A2B3735CF1A6}.Debug|Any CPU.ActiveCfg = Debug|Any CPU
		{03AB7F7D-1123-4CB2-8084-A2B3735CF1A6}.Debug|Any CPU.Build.0 = Debug|Any CPU
		{03AB7F7D-1123-4CB2-8084-A2B3735CF1A6}.Release|Any CPU.ActiveCfg = Release|Any CPU
		{03AB7F7D-1123-4CB2-8084-A2B3735CF1A6}.Release|Any CPU.Build.0 = Release|Any CPU
	EndGlobalSection
	GlobalSection(SolutionProperties) = preSolution
		HideSolutionNode = FALSE
	EndGlobalSection
	GlobalSection(ExtensibilityGlobals) = postSolution
		SolutionGuid = {20C347EA-A179-4404-A793-26B50E1F1881}
	EndGlobalSection
EndGlobal
